
Microsoft Visual Studio Solution File, Format Version 12.00
# Visual Studio Version 17
VisualStudioVersion = 17.9.34714.143
MinimumVisualStudioVersion = 10.0.40219.1
Project("{9A19103F-16F7-4668-BE54-9A1E7A4F7556}") = "CodeZoneTask(MVC)", "CodeZoneTask(MVC)\CodeZoneTask(MVC).csproj", "{D2B5ADEE-B325-4C84-B32F-D8CA37C27A80}"
EndProject
Project("{FAE04EC0-301F-11D3-BF4B-00C04F79EFBC}") = "CodeZoneTask_MVC.Repository", "CodeZoneTask_MVC.Repository\CodeZoneTask_MVC.Repository.csproj", "{EE57DFF3-6F56-4C04-89EF-B2B13AD3D770}"
EndProject
Global
	GlobalSection(SolutionConfigurationPlatforms) = preSolution
		Debug|Any CPU = Debug|Any CPU
		Release|Any CPU = Release|Any CPU
	EndGlobalSection
	GlobalSection(ProjectConfigurationPlatforms) = postSolution
		{D2B5ADEE-B325-4C84-B32F-D8CA37C27A80}.Debug|Any CPU.ActiveCfg = Debug|Any CPU
		{D2B5ADEE-B325-4C84-B32F-D8CA37C27A80}.Debug|Any CPU.Build.0 = Debug|Any CPU
		{D2B5ADEE-B325-4C84-B32F-D8CA37C27A80}.Release|Any CPU.ActiveCfg = Release|Any CPU
		{D2B5ADEE-B325-4C84-B32F-D8CA37C27A80}.Release|Any CPU.Build.0 = Release|Any CPU
		{EE57DFF3-6F56-4C04-89EF-B2B13AD3D770}.Debug|Any CPU.ActiveCfg = Debug|Any CPU
		{EE57DFF3-6F56-4C04-89EF-B2B13AD3D770}.Debug|Any CPU.Build.0 = Debug|Any CPU
		{EE57DFF3-6F56-4C04-89EF-B2B13AD3D770}.Release|Any CPU.ActiveCfg = Release|Any CPU
		{EE57DFF3-6F56-4C04-89EF-B2B13AD3D770}.Release|Any CPU.Build.0 = Release|Any CPU
	EndGlobalSection
	GlobalSection(SolutionProperties) = preSolution
		HideSolutionNode = FALSE
	EndGlobalSection
	GlobalSection(ExtensibilityGlobals) = postSolution
		SolutionGuid = {BE507B36-54B0-4A75-B7FE-CFC5595D9BC0}
	EndGlobalSection
EndGlobal
